
Microsoft Visual Studio Solution File, Format Version 12.00
# Visual Studio 15
VisualStudioVersion = 15.0.26730.15
MinimumVisualStudioVersion = 10.0.40219.1
Project("{FAE04EC0-301F-11D3-BF4B-00C04F79EFBC}") = "MyScript language service", "MyScript language service\MyScript language service.csproj", "{1C33A6A1-43AC-4CAE-AEE9-9867E8E3377B}"
EndProject
Global
	GlobalSection(SolutionConfigurationPlatforms) = preSolution
		Debug|Any CPU = Debug|Any CPU
		Release|Any CPU = Release|Any CPU
	EndGlobalSection
	GlobalSection(ProjectConfigurationPlatforms) = postSolution
		{1C33A6A1-43AC-4CAE-AEE9-9867E8E3377B}.Debug|Any CPU.ActiveCfg = Debug|Any CPU
		{1C33A6A1-43AC-4CAE-AEE9-9867E8E3377B}.Debug|Any CPU.Build.0 = Debug|Any CPU
		{1C33A6A1-43AC-4CAE-AEE9-9867E8E3377B}.Release|Any CPU.ActiveCfg = Release|Any CPU
		{1C33A6A1-43AC-4CAE-AEE9-9867E8E3377B}.Release|Any CPU.Build.0 = Release|Any CPU
	EndGlobalSection
	GlobalSection(SolutionProperties) = preSolution
		HideSolutionNode = FALSE
	EndGlobalSection
	GlobalSection(ExtensibilityGlobals) = postSolution
		SolutionGuid = {17F6A449-E07F-4433-B14D-F26EF519F44D}
	EndGlobalSection
EndGlobal
